// !$*UTF8*$!
{
	archiveVersion = 1;
	classes = {
	};
	objectVersion = 56;
	objects = {

/* Begin PBXBuildFile section */
		B33479202C8FC11B00F53B47 /* Store4UApp.swift in Sources */ = {isa = PBXBuildFile; fileRef = B334791F2C8FC11B00F53B47 /* Store4UApp.swift */; };
		B33479222C8FC11B00F53B47 /* ProductView.swift in Sources */ = {isa = PBXBuildFile; fileRef = B33479212C8FC11B00F53B47 /* ProductView.swift */; };
		B33479242C8FC11D00F53B47 /* Assets.xcassets in Resources */ = {isa = PBXBuildFile; fileRef = B33479232C8FC11D00F53B47 /* Assets.xcassets */; };
		B33479272C8FC11D00F53B47 /* Preview Assets.xcassets in Resources */ = {isa = PBXBuildFile; fileRef = B33479262C8FC11D00F53B47 /* Preview Assets.xcassets */; };
		B334796A2C90C3B600F53B47 /* ResponseModel.swift in Sources */ = {isa = PBXBuildFile; fileRef = B33479692C90C3B600F53B47 /* ResponseModel.swift */; };
		B334796C2C90C9C500F53B47 /* ResponseViewModel.swift in Sources */ = {isa = PBXBuildFile; fileRef = B334796B2C90C9C500F53B47 /* ResponseViewModel.swift */; };
		B33479712C90FCBF00F53B47 /* infoAPI.plist in Resources */ = {isa = PBXBuildFile; fileRef = B33479702C90FCBF00F53B47 /* infoAPI.plist */; };
		B33479762C90FFBC00F53B47 /* ListView.swift in Sources */ = {isa = PBXBuildFile; fileRef = B33479752C90FFBC00F53B47 /* ListView.swift */; };
/* End PBXBuildFile section */

/* Begin PBXFileReference section */
		B334791C2C8FC11B00F53B47 /* Store4U.app */ = {isa = PBXFileReference; explicitFileType = wrapper.application; includeInIndex = 0; path = Store4U.app; sourceTree = BUILT_PRODUCTS_DIR; };
		B334791F2C8FC11B00F53B47 /* Store4UApp.swift */ = {isa = PBXFileReference; lastKnownFileType = sourcecode.swift; path = Store4UApp.swift; sourceTree = "<group>"; };
		B33479212C8FC11B00F53B47 /* ProductView.swift */ = {isa = PBXFileReference; lastKnownFileType = sourcecode.swift; path = ProductView.swift; sourceTree = "<group>"; };
		B33479232C8FC11D00F53B47 /* Assets.xcassets */ = {isa = PBXFileReference; lastKnownFileType = folder.assetcatalog; path = Assets.xcassets; sourceTree = "<group>"; };
		B33479262C8FC11D00F53B47 /* Preview Assets.xcassets */ = {isa = PBXFileReference; lastKnownFileType = folder.assetcatalog; path = "Preview Assets.xcassets"; sourceTree = "<group>"; };
		B33479692C90C3B600F53B47 /* ResponseModel.swift */ = {isa = PBXFileReference; lastKnownFileType = sourcecode.swift; path = ResponseModel.swift; sourceTree = "<group>"; };
		B334796B2C90C9C500F53B47 /* ResponseViewModel.swift */ = {isa = PBXFileReference; lastKnownFileType = sourcecode.swift; path = ResponseViewModel.swift; sourceTree = "<group>"; };
		B33479702C90FCBF00F53B47 /* infoAPI.plist */ = {isa = PBXFileReference; lastKnownFileType = text.plist.xml; path = infoAPI.plist; sourceTree = "<group>"; };
		B33479752C90FFBC00F53B47 /* ListView.swift */ = {isa = PBXFileReference; lastKnownFileType = sourcecode.swift; path = ListView.swift; sourceTree = "<group>"; };
/* End PBXFileReference section */

/* Begin PBXFrameworksBuildPhase section */
		B33479192C8FC11B00F53B47 /* Frameworks */ = {
			isa = PBXFrameworksBuildPhase;
			buildActionMask = 2147483647;
			files = (
			);
			runOnlyForDeploymentPostprocessing = 0;
		};
/* End PBXFrameworksBuildPhase section */

/* Begin PBXGroup section */
		B33479132C8FC11B00F53B47 = {
			isa = PBXGroup;
			children = (
				B334791E2C8FC11B00F53B47 /* Store4U */,
				B334791D2C8FC11B00F53B47 /* Products */,
			);
			sourceTree = "<group>";
		};
		B334791D2C8FC11B00F53B47 /* Products */ = {
			isa = PBXGroup;
			children = (
				B334791C2C8FC11B00F53B47 /* Store4U.app */,
			);
			name = Products;
			sourceTree = "<group>";
		};
		B334791E2C8FC11B00F53B47 /* Store4U */ = {
			isa = PBXGroup;
			children = (
				B334791F2C8FC11B00F53B47 /* Store4UApp.swift */,
				B33479722C90FE9B00F53B47 /* Model */,
				B33479732C90FEA300F53B47 /* View */,
				B33479742C90FEB500F53B47 /* ViewModel */,
				B33479232C8FC11D00F53B47 /* Assets.xcassets */,
				B33479252C8FC11D00F53B47 /* Preview Content */,
				B33479702C90FCBF00F53B47 /* infoAPI.plist */,
			);
			path = Store4U;
			sourceTree = "<group>";
		};
		B33479252C8FC11D00F53B47 /* Preview Content */ = {
			isa = PBXGroup;
			children = (
				B33479262C8FC11D00F53B47 /* Preview Assets.xcassets */,
			);
			path = "Preview Content";
			sourceTree = "<group>";
		};
		B33479722C90FE9B00F53B47 /* Model */ = {
			isa = PBXGroup;
			children = (
				B33479692C90C3B600F53B47 /* ResponseModel.swift */,
			);
			path = Model;
			sourceTree = "<group>";
		};
		B33479732C90FEA300F53B47 /* View */ = {
			isa = PBXGroup;
			children = (
				B33479212C8FC11B00F53B47 /* ProductView.swift */,
				B33479752C90FFBC00F53B47 /* ListView.swift */,
			);
			path = View;
			sourceTree = "<group>";
		};
		B33479742C90FEB500F53B47 /* ViewModel */ = {
			isa = PBXGroup;
			children = (
				B334796B2C90C9C500F53B47 /* ResponseViewModel.swift */,
			);
			path = ViewModel;
			sourceTree = "<group>";
		};
/* End PBXGroup section */

/* Begin PBXNativeTarget section */
		B334791B2C8FC11B00F53B47 /* Store4U */ = {
			isa = PBXNativeTarget;
			buildConfigurationList = B334792A2C8FC11D00F53B47 /* Build configuration list for PBXNativeTarget "Store4U" */;
			buildPhases = (
				B33479182C8FC11B00F53B47 /* Sources */,
				B33479192C8FC11B00F53B47 /* Frameworks */,
				B334791A2C8FC11B00F53B47 /* Resources */,
			);
			buildRules = (
			);
			dependencies = (
			);
			name = Store4U;
			productName = Store4U;
			productReference = B334791C2C8FC11B00F53B47 /* Store4U.app */;
			productType = "com.apple.product-type.application";
		};
/* End PBXNativeTarget section */

/* Begin PBXProject section */
		B33479142C8FC11B00F53B47 /* Project object */ = {
			isa = PBXProject;
			attributes = {
				BuildIndependentTargetsInParallel = 1;
				LastSwiftUpdateCheck = 1540;
				LastUpgradeCheck = 1540;
				TargetAttributes = {
					B334791B2C8FC11B00F53B47 = {
						CreatedOnToolsVersion = 15.4;
					};
				};
			};
			buildConfigurationList = B33479172C8FC11B00F53B47 /* Build configuration list for PBXProject "Store4U" */;
			compatibilityVersion = "Xcode 14.0";
			developmentRegion = en;
			hasScannedForEncodings = 0;
			knownRegions = (
				en,
				Base,
			);
			mainGroup = B33479132C8FC11B00F53B47;
			productRefGroup = B334791D2C8FC11B00F53B47 /* Products */;
			projectDirPath = "";
			projectRoot = "";
			targets = (
				B334791B2C8FC11B00F53B47 /* Store4U */,
			);
		};
/* End PBXProject section */

/* Begin PBXResourcesBuildPhase section */
		B334791A2C8FC11B00F53B47 /* Resources */ = {
			isa = PBXResourcesBuildPhase;
			buildActionMask = 2147483647;
			files = (
				B33479272C8FC11D00F53B47 /* Preview Assets.xcassets in Resources */,
				B33479242C8FC11D00F53B47 /* Assets.xcassets in Resources */,
				B33479712C90FCBF00F53B47 /* infoAPI.plist in Resources */,
			);
			runOnlyForDeploymentPostprocessing = 0;
		};
/* End PBXResourcesBuildPhase section */

/* Begin PBXSourcesBuildPhase section */
		B33479182C8FC11B00F53B47 /* Sources */ = {
			isa = PBXSourcesBuildPhase;
			buildActionMask = 2147483647;
			files = (
				B33479222C8FC11B00F53B47 /* ProductView.swift in Sources */,
				B334796C2C90C9C500F53B47 /* ResponseViewModel.swift in Sources */,
				B33479762C90FFBC00F53B47 /* ListView.swift in Sources */,
				B334796A2C90C3B600F53B47 /* ResponseModel.swift in Sources */,
				B33479202C8FC11B00F53B47 /* Store4UApp.swift in Sources */,
			);
			runOnlyForDeploymentPostprocessing = 0;
		};
/* End PBXSourcesBuildPhase section */

/* Begin XCBuildConfiguration section */
		B33479282C8FC11D00F53B47 /* Debug */ = {
			isa = XCBuildConfiguration;
			buildSettings = {
				ALWAYS_SEARCH_USER_PATHS = NO;
				ASSETCATALOG_COMPILER_GENERATE_SWIFT_ASSET_SYMBOL_EXTENSIONS = YES;
				CLANG_ANALYZER_NONNULL = YES;
				CLANG_ANALYZER_NUMBER_OBJECT_CONVERSION = YES_AGGRESSIVE;
				CLANG_CXX_LANGUAGE_STANDARD = "gnu++20";
				CLANG_ENABLE_MODULES = YES;
				CLANG_ENABLE_OBJC_ARC = YES;
				CLANG_ENABLE_OBJC_WEAK = YES;
				CLANG_WARN_BLOCK_CAPTURE_AUTORELEASING = YES;
				CLANG_WARN_BOOL_CONVERSION = YES;
				CLANG_WARN_COMMA = YES;
				CLANG_WARN_CONSTANT_CONVERSION = YES;
				CLANG_WARN_DEPRECATED_OBJC_IMPLEMENTATIONS = YES;
				CLANG_WARN_DIRECT_OBJC_ISA_USAGE = YES_ERROR;
				CLANG_WARN_DOCUMENTATION_COMMENTS = YES;
				CLANG_WARN_EMPTY_BODY = YES;
				CLANG_WARN_ENUM_CONVERSION = YES;
				CLANG_WARN_INFINITE_RECURSION = YES;
				CLANG_WARN_INT_CONVERSION = YES;
				CLANG_WARN_NON_LITERAL_NULL_CONVERSION = YES;
				CLANG_WARN_OBJC_IMPLICIT_RETAIN_SELF = YES;
				CLANG_WARN_OBJC_LITERAL_CONVERSION = YES;
				CLANG_WARN_OBJC_ROOT_CLASS = YES_ERROR;
				CLANG_WARN_QUOTED_INCLUDE_IN_FRAMEWORK_HEADER = YES;
				CLANG_WARN_RANGE_LOOP_ANALYSIS = YES;
				CLANG_WARN_STRICT_PROTOTYPES = YES;
				CLANG_WARN_SUSPICIOUS_MOVE = YES;
				CLANG_WARN_UNGUARDED_AVAILABILITY = YES_AGGRESSIVE;
				CLANG_WARN_UNREACHABLE_CODE = YES;
				CLANG_WARN__DUPLICATE_METHOD_MATCH = YES;
				COPY_PHASE_STRIP = NO;
				DEBUG_INFORMATION_FORMAT = dwarf;
				ENABLE_STRICT_OBJC_MSGSEND = YES;
				ENABLE_TESTABILITY = YES;
				ENABLE_USER_SCRIPT_SANDBOXING = YES;
				GCC_C_LANGUAGE_STANDARD = gnu17;
				GCC_DYNAMIC_NO_PIC = NO;
				GCC_NO_COMMON_BLOCKS = YES;
				GCC_OPTIMIZATION_LEVEL = 0;
				GCC_PREPROCESSOR_DEFINITIONS = (
					"DEBUG=1",
					"$(inherited)",
				);
				GCC_WARN_64_TO_32_BIT_CONVERSION = YES;
				GCC_WARN_ABOUT_RETURN_TYPE = YES_ERROR;
				GCC_WARN_UNDECLARED_SELECTOR = YES;
				GCC_WARN_UNINITIALIZED_AUTOS = YES_AGGRESSIVE;
				GCC_WARN_UNUSED_FUNCTION = YES;
				GCC_WARN_UNUSED_VARIABLE = YES;
				IPHONEOS_DEPLOYMENT_TARGET = 17.5;
				LOCALIZATION_PREFERS_STRING_CATALOGS = YES;
				MTL_ENABLE_DEBUG_INFO = INCLUDE_SOURCE;
				MTL_FAST_MATH = YES;
				ONLY_ACTIVE_ARCH = YES;
				SDKROOT = iphoneos;
				SWIFT_ACTIVE_COMPILATION_CONDITIONS = "DEBUG $(inherited)";
				SWIFT_OPTIMIZATION_LEVEL = "-Onone";
			};
			name = Debug;
		};
		B33479292C8FC11D00F53B47 /* Release */ = {
			isa = XCBuildConfiguration;
			buildSettings = {
				ALWAYS_SEARCH_USER_PATHS = NO;
				ASSETCATALOG_COMPILER_GENERATE_SWIFT_ASSET_SYMBOL_EXTENSIONS = YES;
				CLANG_ANALYZER_NONNULL = YES;
				CLANG_ANALYZER_NUMBER_OBJECT_CONVERSION = YES_AGGRESSIVE;
				CLANG_CXX_LANGUAGE_STANDARD = "gnu++20";
				CLANG_ENABLE_MODULES = YES;
				CLANG_ENABLE_OBJC_ARC = YES;
				CLANG_ENABLE_OBJC_WEAK = YES;
				CLANG_WARN_BLOCK_CAPTURE_AUTORELEASING = YES;
				CLANG_WARN_BOOL_CONVERSION = YES;
				CLANG_WARN_COMMA = YES;
				CLANG_WARN_CONSTANT_CONVERSION = YES;
				CLANG_WARN_DEPRECATED_OBJC_IMPLEMENTATIONS = YES;
				CLANG_WARN_DIRECT_OBJC_ISA_USAGE = YES_ERROR;
				CLANG_WARN_DOCUMENTATION_COMMENTS = YES;
				CLANG_WARN_EMPTY_BODY = YES;
				CLANG_WARN_ENUM_CONVERSION = YES;
				CLANG_WARN_INFINITE_RECURSION = YES;
				CLANG_WARN_INT_CONVERSION = YES;
				CLANG_WARN_NON_LITERAL_NULL_CONVERSION = YES;
				CLANG_WARN_OBJC_IMPLICIT_RETAIN_SELF = YES;
				CLANG_WARN_OBJC_LITERAL_CONVERSION = YES;
				CLANG_WARN_OBJC_ROOT_CLASS = YES_ERROR;
				CLANG_WARN_QUOTED_INCLUDE_IN_FRAMEWORK_HEADER = YES;
				CLANG_WARN_RANGE_LOOP_ANALYSIS = YES;
				CLANG_WARN_STRICT_PROTOTYPES = YES;
				CLANG_WARN_SUSPICIOUS_MOVE = YES;
				CLANG_WARN_UNGUARDED_AVAILABILITY = YES_AGGRESSIVE;
				CLANG_WARN_UNREACHABLE_CODE = YES;
				CLANG_WARN__DUPLICATE_METHOD_MATCH = YES;
				COPY_PHASE_STRIP = NO;
				DEBUG_INFORMATION_FORMAT = "dwarf-with-dsym";
				ENABLE_NS_ASSERTIONS = NO;
				ENABLE_STRICT_OBJC_MSGSEND = YES;
				ENABLE_USER_SCRIPT_SANDBOXING = YES;
				GCC_C_LANGUAGE_STANDARD = gnu17;
				GCC_NO_COMMON_BLOCKS = YES;
				GCC_WARN_64_TO_32_BIT_CONVERSION = YES;
				GCC_WARN_ABOUT_RETURN_TYPE = YES_ERROR;
				GCC_WARN_UNDECLARED_SELECTOR = YES;
				GCC_WARN_UNINITIALIZED_AUTOS = YES_AGGRESSIVE;
				GCC_WARN_UNUSED_FUNCTION = YES;
				GCC_WARN_UNUSED_VARIABLE = YES;
				IPHONEOS_DEPLOYMENT_TARGET = 17.5;
				LOCALIZATION_PREFERS_STRING_CATALOGS = YES;
				MTL_ENABLE_DEBUG_INFO = NO;
				MTL_FAST_MATH = YES;
				SDKROOT = iphoneos;
				SWIFT_COMPILATION_MODE = wholemodule;
				VALIDATE_PRODUCT = YES;
			};
			name = Release;
		};
		B334792B2C8FC11D00F53B47 /* Debug */ = {
			isa = XCBuildConfiguration;
			buildSettings = {
				ASSETCATALOG_COMPILER_APPICON_NAME = AppIcon;
				ASSETCATALOG_COMPILER_GLOBAL_ACCENT_COLOR_NAME = AccentColor;
				CODE_SIGN_STYLE = Automatic;
				CURRENT_PROJECT_VERSION = 1;
				DEVELOPMENT_ASSET_PATHS = "\"Store4U/Preview Content\"";
				DEVELOPMENT_TEAM = 84TTD6VG5A;
				ENABLE_PREVIEWS = YES;
				GENERATE_INFOPLIST_FILE = YES;
				INFOPLIST_FILE = Store4U/Info.plist;
				INFOPLIST_KEY_UIApplicationSceneManifest_Generation = YES;
				INFOPLIST_KEY_UIApplicationSupportsIndirectInputEvents = YES;
				INFOPLIST_KEY_UILaunchScreen_Generation = YES;
				INFOPLIST_KEY_UISupportedInterfaceOrientations_iPad = "UIInterfaceOrientationPortrait UIInterfaceOrientationPortraitUpsideDown UIInterfaceOrientationLandscapeLeft UIInterfaceOrientationLandscapeRight";
				INFOPLIST_KEY_UISupportedInterfaceOrientations_iPhone = "UIInterfaceOrientationPortrait UIInterfaceOrientationLandscapeLeft UIInterfaceOrientationLandscapeRight";
				LD_RUNPATH_SEARCH_PATHS = (
					"$(inherited)",
					"@executable_path/Frameworks",
				);
				MARKETING_VERSION = 1.0;
				PRODUCT_BUNDLE_IDENTIFIER = mtorres.Store4U;
				PRODUCT_NAME = "$(TARGET_NAME)";
				SWIFT_EMIT_LOC_STRINGS = YES;
				SWIFT_VERSION = 5.0;
				TARGETED_DEVICE_FAMILY = "1,2";
			};
			name = Debug;
		};
		B334792C2C8FC11D00F53B47 /* Release */ = {
			isa = XCBuildConfiguration;
			buildSettings = {
				ASSETCATALOG_COMPILER_APPICON_NAME = AppIcon;
				ASSETCATALOG_COMPILER_GLOBAL_ACCENT_COLOR_NAME = AccentColor;
				CODE_SIGN_STYLE = Automatic;
				CURRENT_PROJECT_VERSION = 1;
				DEVELOPMENT_ASSET_PATHS = "\"Store4U/Preview Content\"";
				DEVELOPMENT_TEAM = 84TTD6VG5A;
				ENABLE_PREVIEWS = YES;
				GENERATE_INFOPLIST_FILE = YES;
				INFOPLIST_FILE = Store4U/Info.plist;
				INFOPLIST_KEY_UIApplicationSceneManifest_Generation = YES;
				INFOPLIST_KEY_UIApplicationSupportsIndirectInputEvents = YES;
				INFOPLIST_KEY_UILaunchScreen_Generation = YES;
				INFOPLIST_KEY_UISupportedInterfaceOrientations_iPad = "UIInterfaceOrientationPortrait UIInterfaceOrientationPortraitUpsideDown UIInterfaceOrientationLandscapeLeft UIInterfaceOrientationLandscapeRight";
				INFOPLIST_KEY_UISupportedInterfaceOrientations_iPhone = "UIInterfaceOrientationPortrait UIInterfaceOrientationLandscapeLeft UIInterfaceOrientationLandscapeRight";
				LD_RUNPATH_SEARCH_PATHS = (
					"$(inherited)",
					"@executable_path/Frameworks",
				);
				MARKETING_VERSION = 1.0;
				PRODUCT_BUNDLE_IDENTIFIER = mtorres.Store4U;
				PRODUCT_NAME = "$(TARGET_NAME)";
				SWIFT_EMIT_LOC_STRINGS = YES;
				SWIFT_VERSION = 5.0;
				TARGETED_DEVICE_FAMILY = "1,2";
			};
			name = Release;
		};
/* End XCBuildConfiguration section */

/* Begin XCConfigurationList section */
		B33479172C8FC11B00F53B47 /* Build configuration list for PBXProject "Store4U" */ = {
			isa = XCConfigurationList;
			buildConfigurations = (
				B33479282C8FC11D00F53B47 /* Debug */,
				B33479292C8FC11D00F53B47 /* Release */,
			);
			defaultConfigurationIsVisible = 0;
			defaultConfigurationName = Release;
		};
		B334792A2C8FC11D00F53B47 /* Build configuration list for PBXNativeTarget "Store4U" */ = {
			isa = XCConfigurationList;
			buildConfigurations = (
				B334792B2C8FC11D00F53B47 /* Debug */,
				B334792C2C8FC11D00F53B47 /* Release */,
			);
			defaultConfigurationIsVisible = 0;
			defaultConfigurationName = Release;
		};
/* End XCConfigurationList section */
	};
	rootObject = B33479142C8FC11B00F53B47 /* Project object */;
}
